
Microsoft Visual Studio Solution File, Format Version 12.00
# Visual Studio Version 17
VisualStudioVersion = 17.13.35931.197 d17.13
MinimumVisualStudioVersion = 10.0.40219.1
Project("{FAE04EC0-301F-11D3-BF4B-00C04F79EFBC}") = "TemperatureConverterApp", "TemperatureConverterApp\TemperatureConverterApp.csproj", "{06011C0B-9683-4335-9FBA-7B31D1F1A9E1}"
EndProject
Global
	GlobalSection(SolutionConfigurationPlatforms) = preSolution
		Debug|Any CPU = Debug|Any CPU
		Release|Any CPU = Release|Any CPU
	EndGlobalSection
	GlobalSection(ProjectConfigurationPlatforms) = postSolution
		{06011C0B-9683-4335-9FBA-7B31D1F1A9E1}.Debug|Any CPU.ActiveCfg = Debug|Any CPU
		{06011C0B-9683-4335-9FBA-7B31D1F1A9E1}.Debug|Any CPU.Build.0 = Debug|Any CPU
		{06011C0B-9683-4335-9FBA-7B31D1F1A9E1}.Release|Any CPU.ActiveCfg = Release|Any CPU
		{06011C0B-9683-4335-9FBA-7B31D1F1A9E1}.Release|Any CPU.Build.0 = Release|Any CPU
	EndGlobalSection
	GlobalSection(SolutionProperties) = preSolution
		HideSolutionNode = FALSE
	EndGlobalSection
	GlobalSection(ExtensibilityGlobals) = postSolution
		SolutionGuid = {94D33FCF-3701-4792-B863-593B9B8D80DC}
	EndGlobalSection
EndGlobal
